<?xml version="1.0" encoding="utf-8"?>
<Project ToolsVersion="4.0" xmlns="http://schemas.microsoft.com/developer/msbuild/2003">
  <ItemGroup>
    <ClCompile Include="main.c" />
    <ClCompile Include="editorctl\editorctl_wnd_proc.c">
      <Filter>editorctl</Filter>
    </ClCompile>
    <ClCompile Include="editorctl\editorctl_on_create.c">
      <Filter>editorctl</Filter>
    </ClCompile>
    <ClCompile Include="editorctl\editorctl_on_destroy.c">
      <Filter>editorctl</Filter>
    </ClCompile>
    <ClCompile Include="editorctl\editorctl_on_paint.c">
      <Filter>editorctl</Filter>
    </ClCompile>
    <ClCompile Include="editorctl\editorctl_register_class.c">
      <Filter>editorctl</Filter>
    </ClCompile>
    <ClCompile Include="mainwnd\mainwnd_register_class.c">
      <Filter>mainwnd</Filter>
    </ClCompile>
    <ClCompile Include="mainwnd\mainwnd_wnd_proc.c">
      <Filter>mainwnd</Filter>
    </ClCompile>
    <ClCompile Include="mainwnd\mainwnd_on_create.c">
      <Filter>mainwnd</Filter>
    </ClCompile>
    <ClCompile Include="mainwnd\mainwnd_on_destroy.c">
      <Filter>mainwnd</Filter>
    </ClCompile>
    <ClCompile Include="mainwnd\mainwnd_on_close.c">
      <Filter>mainwnd</Filter>
    </ClCompile>
    <ClCompile Include="mainwnd\mainwnd_on_size.c">
      <Filter>mainwnd</Filter>
    </ClCompile>
    <ClCompile Include="mainwnd\mainwnd_on_setfocus.c">
      <Filter>mainwnd</Filter>
    </ClCompile>
    <ClCompile Include="utils\utils_bsearch_int.c">
      <Filter>utils</Filter>
    </ClCompile>
    <ClCompile Include="intlist\intlist_append.c">
      <Filter>intlist</Filter>
    </ClCompile>
    <ClCompile Include="intlist\intlist_destroy.c">
      <Filter>intlist</Filter>
    </ClCompile>
    <ClCompile Include="intlist\intlist_initialize.c">
      <Filter>intlist</Filter>
    </ClCompile>
    <ClCompile Include="intlist\intlist_replace_range.c">
      <Filter>intlist</Filter>
    </ClCompile>
    <ClCompile Include="text\text_initialize.c">
      <Filter>text</Filter>
    </ClCompile>
    <ClCompile Include="text\text_destroy.c">
      <Filter>text</Filter>
    </ClCompile>
    <ClCompile Include="text\text_replace_range.c">
      <Filter>text</Filter>
    </ClCompile>
    <ClCompile Include="text\text_prev_offset.c">
      <Filter>text</Filter>
    </ClCompile>
    <ClCompile Include="text\text_next_offset.c">
      <Filter>text</Filter>
    </ClCompile>
    <ClCompile Include="text\text_prev_position.c">
      <Filter>text</Filter>
    </ClCompile>
    <ClCompile Include="text\text_next_position.c">
      <Filter>text</Filter>
    </ClCompile>
    <ClCompile Include="text\text_next_line.c">
      <Filter>text</Filter>
    </ClCompile>
    <ClCompile Include="text\text_next_row_wrap.c">
      <Filter>text</Filter>
    </ClCompile>
    <ClCompile Include="text\text_next_row.c">
      <Filter>text</Filter>
    </ClCompile>
    <ClCompile Include="layout\layout_initialize.c">
      <Filter>layout</Filter>
    </ClCompile>
    <ClCompile Include="layout\layout_destroy.c">
      <Filter>layout</Filter>
    </ClCompile>
    <ClCompile Include="layout\layout_update.c">
      <Filter>layout</Filter>
    </ClCompile>
    <ClCompile Include="text\text_move_to_column.c">
      <Filter>text</Filter>
    </ClCompile>
    <ClCompile Include="layout\layout_offset_to_row.c">
      <Filter>layout</Filter>
    </ClCompile>
    <ClCompile Include="layout\layout_offset_to_line.c">
      <Filter>layout</Filter>
    </ClCompile>
    <ClCompile Include="text\text_is_line_boundary.c">
      <Filter>text</Filter>
    </ClCompile>
    <ClCompile Include="text\text_move_to_offset.c">
      <Filter>text</Filter>
    </ClCompile>
    <ClCompile Include="utils\utils_max_int.c">
      <Filter>utils</Filter>
    </ClCompile>
    <ClCompile Include="utils\utils_update_max_int.c">
      <Filter>utils</Filter>
    </ClCompile>
    <ClCompile Include="utils\utils_increase_int.c">
      <Filter>utils</Filter>
    </ClCompile>
    <ClCompile Include="editor\editor_initialize.c">
      <Filter>editor</Filter>
    </ClCompile>
    <ClCompile Include="editor\editor_destroy.c">
      <Filter>editor</Filter>
    </ClCompile>
    <ClCompile Include="editor\editor_left.c">
      <Filter>editor</Filter>
    </ClCompile>
    <ClCompile Include="editor\editor_right.c">
      <Filter>editor</Filter>
    </ClCompile>
    <ClCompile Include="editor\editor_left_word.c">
      <Filter>editor</Filter>
    </ClCompile>
    <ClCompile Include="text\text_is_word_boundary.c">
      <Filter>text</Filter>
    </ClCompile>
    <ClCompile Include="editor\editor_right_word.c">
      <Filter>editor</Filter>
    </ClCompile>
    <ClCompile Include="editor\editor_begin_line.c">
      <Filter>editor</Filter>
    </ClCompile>
    <ClCompile Include="layout\layout_line_to_offset.c">
      <Filter>layout</Filter>
    </ClCompile>
    <ClCompile Include="text\text_next_nonspace.c">
      <Filter>text</Filter>
    </ClCompile>
    <ClCompile Include="editor\editor_end_line.c">
      <Filter>editor</Filter>
    </ClCompile>
    <ClCompile Include="layout\layout_line_count.c">
      <Filter>layout</Filter>
    </ClCompile>
    <ClCompile Include="editor\editor_begin_text.c">
      <Filter>editor</Filter>
    </ClCompile>
    <ClCompile Include="editor\editor_end_text.c">
      <Filter>editor</Filter>
    </ClCompile>
    <ClCompile Include="editor\editor_up.c">
      <Filter>editor</Filter>
    </ClCompile>
    <ClCompile Include="layout\layout_offset_to_column.c">
      <Filter>layout</Filter>
    </ClCompile>
    <ClCompile Include="layout\layout_row_column_to_offset.c">
      <Filter>layout</Filter>
    </ClCompile>
    <ClCompile Include="editor\editor_down.c">
      <Filter>editor</Filter>
    </ClCompile>
    <ClCompile Include="editor\editor_move_caret.c">
      <Filter>editor</Filter>
    </ClCompile>
    <ClCompile Include="editor\editor_set_selection.c">
      <Filter>editor</Filter>
    </ClCompile>
    <ClCompile Include="editor\editor_insert.c">
      <Filter>editor</Filter>
    </ClCompile>
    <ClCompile Include="editor\editor_replace_range.c">
      <Filter>editor</Filter>
    </ClCompile>
    <ClCompile Include="editor\editor_overwrite.c">
      <Filter>editor</Filter>
    </ClCompile>
    <ClCompile Include="editor\editor_delete.c">
      <Filter>editor</Filter>
    </ClCompile>
    <ClCompile Include="editor\editor_replace_selection.c">
      <Filter>editor</Filter>
    </ClCompile>
    <ClCompile Include="editor\editor_delete_selection.c">
      <Filter>editor</Filter>
    </ClCompile>
    <ClCompile Include="editor\editor_backspace.c">
      <Filter>editor</Filter>
    </ClCompile>
    <ClCompile Include="editor\editor_delete_word.c">
      <Filter>editor</Filter>
    </ClCompile>
    <ClCompile Include="editor\editor_backspace_word.c">
      <Filter>editor</Filter>
    </ClCompile>
    <ClCompile Include="text\text_get_char.c">
      <Filter>text</Filter>
    </ClCompile>
    <ClCompile Include="text\text_render_row.c">
      <Filter>text</Filter>
    </ClCompile>
    <ClCompile Include="editorctl\editorctl_create_whitespace_icons.c">
      <Filter>editorctl</Filter>
    </ClCompile>
    <ClCompile Include="editorctl\editorctl_on_setfont.c">
      <Filter>editorctl</Filter>
    </ClCompile>
    <ClCompile Include="editorctl\editorctl_on_size.c">
      <Filter>editorctl</Filter>
    </ClCompile>
    <ClCompile Include="editorctl\editorctl_update_scroll_range.c">
      <Filter>editorctl</Filter>
    </ClCompile>
    <ClCompile Include="editorctl\editorctl_scroll_to.c">
      <Filter>editorctl</Filter>
    </ClCompile>
    <ClCompile Include="editorctl\editorctl_update_caret_pos.c">
      <Filter>editorctl</Filter>
    </ClCompile>
    <ClCompile Include="editorctl\editorctl_on_setfocus.c">
      <Filter>editorctl</Filter>
    </ClCompile>
    <ClCompile Include="editorctl\editorctl_on_killfocus.c">
      <Filter>editorctl</Filter>
    </ClCompile>
    <ClCompile Include="editorctl\editorctl_on_hscroll.c">
      <Filter>editorctl</Filter>
    </ClCompile>
    <ClCompile Include="editorctl\editorctl_on_vscroll.c">
      <Filter>editorctl</Filter>
    </ClCompile>
    <ClCompile Include="editorctl\editorctl_on_mousewheel.c">
      <Filter>editorctl</Filter>
    </ClCompile>
    <ClCompile Include="editorctl\editorctl_on_lbuttondown.c">
      <Filter>editorctl</Filter>
    </ClCompile>
    <ClCompile Include="editorctl\editorctl_on_lbuttonup.c">
      <Filter>editorctl</Filter>
    </ClCompile>
    <ClCompile Include="editorctl\editorctl_on_mousemove.c">
      <Filter>editorctl</Filter>
    </ClCompile>
    <ClCompile Include="editorctl\editorctl_move_mouse_cursor.c">
      <Filter>editorctl</Filter>
    </ClCompile>
    <ClCompile Include="text\text_prev_word_boundary.c">
      <Filter>text</Filter>
    </ClCompile>
    <ClCompile Include="text\text_next_word_boundary.c">
      <Filter>text</Filter>
    </ClCompile>
    <ClCompile Include="layout\layout_reset_dirty_rows.c">
      <Filter>layout</Filter>
    </ClCompile>
    <ClCompile Include="layout\layout_add_dirty_range.c">
      <Filter>layout</Filter>
    </ClCompile>
    <ClCompile Include="editorctl\editorctl_update.c">
      <Filter>editorctl</Filter>
    </ClCompile>
    <ClCompile Include="editorctl\editorctl_invalidate_rows.c">
      <Filter>editorctl</Filter>
    </ClCompile>
  </ItemGroup>
  <ItemGroup>
    <ClInclude Include="editorctl\editorctl.h">
      <Filter>editorctl</Filter>
    </ClInclude>
    <ClInclude Include="mainwnd\mainwnd.h">
      <Filter>mainwnd</Filter>
    </ClInclude>
    <ClInclude Include="utils\utils.h">
      <Filter>utils</Filter>
    </ClInclude>
    <ClInclude Include="intlist\intlist.h">
      <Filter>intlist</Filter>
    </ClInclude>
    <ClInclude Include="text\text.h">
      <Filter>text</Filter>
    </ClInclude>
    <ClInclude Include="layout\layout.h">
      <Filter>layout</Filter>
    </ClInclude>
    <ClInclude Include="editor\editor.h">
      <Filter>editor</Filter>
    </ClInclude>
  </ItemGroup>
  <ItemGroup>
    <None Include="CHANGELOG.txt" />
  </ItemGroup>
  <ItemGroup>
    <Filter Include="editorctl">
      <UniqueIdentifier>{cb5418a8-4a7e-4800-8583-8984e467d4c0}</UniqueIdentifier>
    </Filter>
    <Filter Include="mainwnd">
      <UniqueIdentifier>{a7c00512-74b4-4698-932c-43fe83158590}</UniqueIdentifier>
    </Filter>
    <Filter Include="utils">
      <UniqueIdentifier>{d6fe85ea-f9af-45f3-b005-4e8e3d6ca4d7}</UniqueIdentifier>
    </Filter>
    <Filter Include="intlist">
      <UniqueIdentifier>{25ecbc99-010f-4a01-bce8-2f4e9eb7f7f8}</UniqueIdentifier>
    </Filter>
    <Filter Include="text">
      <UniqueIdentifier>{615348d9-136a-4799-bae6-451c373e3378}</UniqueIdentifier>
    </Filter>
    <Filter Include="layout">
      <UniqueIdentifier>{6fe37ae4-aff0-4ebb-9ea2-2bd27482d635}</UniqueIdentifier>
    </Filter>
    <Filter Include="editor">
      <UniqueIdentifier>{cad3a35e-f914-4860-a3df-72b3e9a43b9f}</UniqueIdentifier>
    </Filter>
  </ItemGroup>
</Project>